<?xml version="1.0" encoding="utf-8"?>
<Project ToolsVersion="4.0" xmlns="http://schemas.microsoft.com/developer/msbuild/2003">
  <ItemGroup>
    <Filter Include="Source Files">
      <UniqueIdentifier>{4FC737F1-C7A5-4376-A066-2A32D752A2FF}</UniqueIdentifier>
      <Extensions>cpp;c;cc;cxx;def;odl;idl;hpj;bat;asm;asmx</Extensions>
    </Filter>
    <Filter Include="Header Files">
      <UniqueIdentifier>{93995380-89BD-4b04-88EB-625FBE52EBFB}</UniqueIdentifier>
      <Extensions>h;hh;hpp;hxx;hm;inl;inc;xsd</Extensions>
    </Filter>
    <Filter Include="Resource Files">
      <UniqueIdentifier>{67DA6AB6-F800-4c08-8B7A-83BB121AAD01}</UniqueIdentifier>
      <Extensions>rc;ico;cur;bmp;dlg;rc2;rct;bin;rgs;gif;jpg;jpeg;jpe;resx;tiff;tif;png;wav;mfcribbon-ms</Extensions>
    </Filter>
  </ItemGroup>
  <ItemGroup>
    <ClInclude Include="WindowPrivate.h">
      <Filter>Header Files</Filter>
    </ClInclude>
    <ClInclude Include="include\graph\Box.h">
      <Filter>Header Files</Filter>
    </ClInclude>
    <ClInclude Include="include\graph\ManagedWindow.h">
      <Filter>Header Files</Filter>
    </ClInclude>
    <ClInclude Include="include\graph\Shape.h">
      <Filter>Header Files</Filter>
    </ClInclude>
    <ClInclude Include="include\graph\TransformMatrix4.h">
      <Filter>Header Files</Filter>
    </ClInclude>
    <ClInclude Include="include\Core.h">
      <Filter>Header Files</Filter>
    </ClInclude>
    <ClInclude Include="include\CoreLoader.h">
      <Filter>Header Files</Filter>
    </ClInclude>
    <ClInclude Include="include\IOTypes.h">
      <Filter>Header Files</Filter>
    </ClInclude>
    <ClInclude Include="include\log.h">
      <Filter>Header Files</Filter>
    </ClInclude>
    <ClInclude Include="include\Matrix.h">
      <Filter>Header Files</Filter>
    </ClInclude>
    <ClInclude Include="include\ml.h">
      <Filter>Header Files</Filter>
    </ClInclude>
    <ClInclude Include="include\types.h">
      <Filter>Header Files</Filter>
    </ClInclude>
    <ClInclude Include="include\Window.h">
      <Filter>Header Files</Filter>
    </ClInclude>
    <ClInclude Include="include\WindowCreationOptions.h">
      <Filter>Header Files</Filter>
    </ClInclude>
    <ClInclude Include="wr_glfw\twglfw.h">
      <Filter>Header Files</Filter>
    </ClInclude>
    <ClInclude Include="wr_glfw\twwglfw.h">
      <Filter>Header Files</Filter>
    </ClInclude>
    <ClInclude Include="coreLoaderPriv.h">
      <Filter>Header Files</Filter>
    </ClInclude>
    <ClInclude Include="CorePriv.h">
      <Filter>Header Files</Filter>
    </ClInclude>
    <ClInclude Include="logPriv.h">
      <Filter>Header Files</Filter>
    </ClInclude>
    <ClInclude Include="openglPriv.h">
      <Filter>Header Files</Filter>
    </ClInclude>
    <ClInclude Include="TWrapper.h">
      <Filter>Header Files</Filter>
    </ClInclude>
    <ClInclude Include="TWrapperLoader.h">
      <Filter>Header Files</Filter>
    </ClInclude>
    <ClInclude Include="TWWrapper.h">
      <Filter>Header Files</Filter>
    </ClInclude>
    <ClInclude Include="include\graph\graph.h">
      <Filter>Header Files</Filter>
    </ClInclude>
    <ClInclude Include="include\mlcconfig.h">
      <Filter>Header Files</Filter>
    </ClInclude>
    <ClInclude Include="include\graph\Texture.h">
      <Filter>Header Files</Filter>
    </ClInclude>
    <ClInclude Include="include\graph\Image.h">
      <Filter>Header Files</Filter>
    </ClInclude>
    <ClInclude Include="graph\soil\image_DXT.h">
      <Filter>Header Files</Filter>
    </ClInclude>
    <ClInclude Include="graph\soil\image_helper.h">
      <Filter>Header Files</Filter>
    </ClInclude>
    <ClInclude Include="graph\soil\SOIL.h">
      <Filter>Header Files</Filter>
    </ClInclude>
    <ClInclude Include="graph\soil\stb_image_aug.h">
      <Filter>Header Files</Filter>
    </ClInclude>
    <ClInclude Include="graph\soil\stbi_DDS_aug.h">
      <Filter>Header Files</Filter>
    </ClInclude>
    <ClInclude Include="graph\soil\stbi_DDS_aug_c.h">
      <Filter>Header Files</Filter>
    </ClInclude>
    <ClInclude Include="include\graph\bmfont.h">
      <Filter>Header Files</Filter>
    </ClInclude>
    <ClInclude Include="include\graph\BMText.h">
      <Filter>Header Files</Filter>
    </ClInclude>
    <ClInclude Include="include\graph\RendererOptions.h">
      <Filter>Header Files</Filter>
    </ClInclude>
    <ClInclude Include="include\graph\TextureOptions.h">
      <Filter>Header Files</Filter>
    </ClInclude>
    <ClInclude Include="mlprivcconfig.h">
      <Filter>Header Files</Filter>
    </ClInclude>
    <ClInclude Include="include\graph\TriangleList.h">
      <Filter>Header Files</Filter>
    </ClInclude>
    <ClInclude Include="include\graph\IRenderizable.h">
      <Filter>Header Files</Filter>
    </ClInclude>
    <ClInclude Include="include\graph\VertexArray.h">
      <Filter>Header Files</Filter>
    </ClInclude>
    <ClInclude Include="glew\glew.h">
      <Filter>Header Files</Filter>
    </ClInclude>
    <ClInclude Include="glew\glxew.h">
      <Filter>Header Files</Filter>
    </ClInclude>
    <ClInclude Include="glew\wglew.h">
      <Filter>Header Files</Filter>
    </ClInclude>
    <ClInclude Include="include\graph\Shader.h">
      <Filter>Header Files</Filter>
    </ClInclude>
    <ClInclude Include="include\graph\RenderManager.h">
      <Filter>Header Files</Filter>
    </ClInclude>
    <ClInclude Include="include\graph\ResourceManager.h">
      <Filter>Header Files</Filter>
    </ClInclude>
    <ClInclude Include="include\graph\ITransformable.h">
      <Filter>Header Files</Filter>
    </ClInclude>
    <ClInclude Include="include\graph\Resource.h">
      <Filter>Header Files</Filter>
    </ClInclude>
    <ClInclude Include="include\graph\VAOWrapper.h">
      <Filter>Header Files</Filter>
    </ClInclude>
  </ItemGroup>
  <ItemGroup>
    <ClCompile Include="dllmain.cpp">
      <Filter>Source Files</Filter>
    </ClCompile>
    <ClCompile Include="graph\Box.cpp">
      <Filter>Source Files</Filter>
    </ClCompile>
    <ClCompile Include="graph\ManagedWindow.cpp">
      <Filter>Source Files</Filter>
    </ClCompile>
    <ClCompile Include="graph\Shape.cpp">
      <Filter>Source Files</Filter>
    </ClCompile>
    <ClCompile Include="wr_glfw\twglfw.cpp">
      <Filter>Source Files</Filter>
    </ClCompile>
    <ClCompile Include="wr_glfw\twwglfw.cpp">
      <Filter>Source Files</Filter>
    </ClCompile>
    <ClCompile Include="CoreLoader.cpp">
      <Filter>Source Files</Filter>
    </ClCompile>
    <ClCompile Include="CorePriv.cpp">
      <Filter>Source Files</Filter>
    </ClCompile>
    <ClCompile Include="openglPriv.cpp">
      <Filter>Source Files</Filter>
    </ClCompile>
    <ClCompile Include="TWrapperLoader.cpp">
      <Filter>Source Files</Filter>
    </ClCompile>
    <ClCompile Include="Window.cpp">
      <Filter>Source Files</Filter>
    </ClCompile>
    <ClCompile Include="graph\Texture.cpp">
      <Filter>Source Files</Filter>
    </ClCompile>
    <ClCompile Include="graph\Image.cpp">
      <Filter>Source Files</Filter>
    </ClCompile>
    <ClCompile Include="graph\soil\image_DXT.c">
      <Filter>Source Files</Filter>
    </ClCompile>
    <ClCompile Include="graph\soil\image_helper.c">
      <Filter>Source Files</Filter>
    </ClCompile>
    <ClCompile Include="graph\soil\SOIL.c">
      <Filter>Source Files</Filter>
    </ClCompile>
    <ClCompile Include="graph\soil\stb_image_aug.c">
      <Filter>Source Files</Filter>
    </ClCompile>
    <ClCompile Include="graph\bmfont.cpp">
      <Filter>Source Files</Filter>
    </ClCompile>
    <ClCompile Include="graph\BMText.cpp">
      <Filter>Source Files</Filter>
    </ClCompile>
    <ClCompile Include="graph\RendererOptions.cpp">
      <Filter>Source Files</Filter>
    </ClCompile>
    <ClCompile Include="graph\TextureOptions.cpp">
      <Filter>Source Files</Filter>
    </ClCompile>
    <ClCompile Include="log.cpp">
      <Filter>Source Files</Filter>
    </ClCompile>
    <ClCompile Include="graph\TriangleList.cpp">
      <Filter>Source Files</Filter>
    </ClCompile>
    <ClCompile Include="graph\VertexArray.cpp">
      <Filter>Source Files</Filter>
    </ClCompile>
    <ClCompile Include="glew\glew.c">
      <Filter>Source Files</Filter>
    </ClCompile>
    <ClCompile Include="graph\Shader.cpp">
      <Filter>Source Files</Filter>
    </ClCompile>
    <ClCompile Include="graph\RenderManager.cpp">
      <Filter>Source Files</Filter>
    </ClCompile>
    <ClCompile Include="graph\ResourceManager.cpp">
      <Filter>Source Files</Filter>
    </ClCompile>
    <ClCompile Include="graph\Resource.cpp">
      <Filter>Source Files</Filter>
    </ClCompile>
    <ClCompile Include="graph\VAOWrapper.cpp">
      <Filter>Source Files</Filter>
    </ClCompile>
  </ItemGroup>
</Project>